// !$*UTF8*$!
{
	archiveVersion = 1;
	classes = {
	};
	objectVersion = 56;
	objects = {

/* Begin PBXBuildFile section */
		6C149E442A42960800FFF4DE /* NoticiaData.swift in Sources */ = {isa = PBXBuildFile; fileRef = 6C149E432A42960800FFF4DE /* NoticiaData.swift */; };
		6C149E482A42962B00FFF4DE /* NewsViewModel.swift in Sources */ = {isa = PBXBuildFile; fileRef = 6C149E472A42962B00FFF4DE /* NewsViewModel.swift */; };
		6C149E4A2A42968800FFF4DE /* NetworkManager.swift in Sources */ = {isa = PBXBuildFile; fileRef = 6C149E492A42968800FFF4DE /* NetworkManager.swift */; };
		6C149E4C2A429B0900FFF4DE /* AlertItem.swift in Sources */ = {isa = PBXBuildFile; fileRef = 6C149E4B2A429B0900FFF4DE /* AlertItem.swift */; };
		6C149E4F2A429BB900FFF4DE /* NewsRemoteImageView.swift in Sources */ = {isa = PBXBuildFile; fileRef = 6C149E4E2A429BB900FFF4DE /* NewsRemoteImageView.swift */; };
		6C149E522A42A22200FFF4DE /* NewCell.swift in Sources */ = {isa = PBXBuildFile; fileRef = 6C149E512A42A22100FFF4DE /* NewCell.swift */; };
		6C149E542A42AA5500FFF4DE /* LoadingView.swift in Sources */ = {isa = PBXBuildFile; fileRef = 6C149E532A42AA5500FFF4DE /* LoadingView.swift */; };
		6C149E562A42ACC800FFF4DE /* TopicSegmented.swift in Sources */ = {isa = PBXBuildFile; fileRef = 6C149E552A42ACC800FFF4DE /* TopicSegmented.swift */; };
		6C149E582A42AFFB00FFF4DE /* FeedbackView.swift in Sources */ = {isa = PBXBuildFile; fileRef = 6C149E572A42AFFB00FFF4DE /* FeedbackView.swift */; };
		6C149E5A2A42B08700FFF4DE /* WebView.swift in Sources */ = {isa = PBXBuildFile; fileRef = 6C149E592A42B08700FFF4DE /* WebView.swift */; };
		6C149E5E2A42BEEA00FFF4DE /* DetailArticle.swift in Sources */ = {isa = PBXBuildFile; fileRef = 6C149E5D2A42BEEA00FFF4DE /* DetailArticle.swift */; };
		6C149E602A42C07C00FFF4DE /* MockResponse.json in Resources */ = {isa = PBXBuildFile; fileRef = 6C149E5F2A42C07B00FFF4DE /* MockResponse.json */; };
		6C149E622A42C0C800FFF4DE /* ArticleMock.json in Resources */ = {isa = PBXBuildFile; fileRef = 6C149E612A42C0C800FFF4DE /* ArticleMock.json */; };
		6C149E642A42C10700FFF4DE /* MockData.swift in Sources */ = {isa = PBXBuildFile; fileRef = 6C149E632A42C10700FFF4DE /* MockData.swift */; };
		6C50D8F92A4FED47004AB421 /* Action.swift in Sources */ = {isa = PBXBuildFile; fileRef = 6C50D8F82A4FED47004AB421 /* Action.swift */; };
		6C50D8FB2A4FEFC8004AB421 /* ActivityView.swift in Sources */ = {isa = PBXBuildFile; fileRef = 6C50D8FA2A4FEFC8004AB421 /* ActivityView.swift */; };
		6C572D2D2A402995004B1D1F /* NewsApp.swift in Sources */ = {isa = PBXBuildFile; fileRef = 6C572D2C2A402995004B1D1F /* NewsApp.swift */; };
		6C572D2F2A402995004B1D1F /* NewsView.swift in Sources */ = {isa = PBXBuildFile; fileRef = 6C572D2E2A402995004B1D1F /* NewsView.swift */; };
		6C572D312A402996004B1D1F /* Assets.xcassets in Resources */ = {isa = PBXBuildFile; fileRef = 6C572D302A402996004B1D1F /* Assets.xcassets */; };
		6C572D342A402996004B1D1F /* Preview Assets.xcassets in Resources */ = {isa = PBXBuildFile; fileRef = 6C572D332A402996004B1D1F /* Preview Assets.xcassets */; };
/* End PBXBuildFile section */

/* Begin PBXFileReference section */
		6C149E432A42960800FFF4DE /* NoticiaData.swift */ = {isa = PBXFileReference; fileEncoding = 4; lastKnownFileType = sourcecode.swift; path = NoticiaData.swift; sourceTree = "<group>"; };
		6C149E472A42962B00FFF4DE /* NewsViewModel.swift */ = {isa = PBXFileReference; lastKnownFileType = sourcecode.swift; path = NewsViewModel.swift; sourceTree = "<group>"; };
		6C149E492A42968800FFF4DE /* NetworkManager.swift */ = {isa = PBXFileReference; lastKnownFileType = sourcecode.swift; path = NetworkManager.swift; sourceTree = "<group>"; };
		6C149E4B2A429B0900FFF4DE /* AlertItem.swift */ = {isa = PBXFileReference; fileEncoding = 4; lastKnownFileType = sourcecode.swift; path = AlertItem.swift; sourceTree = "<group>"; };
		6C149E4E2A429BB900FFF4DE /* NewsRemoteImageView.swift */ = {isa = PBXFileReference; lastKnownFileType = sourcecode.swift; path = NewsRemoteImageView.swift; sourceTree = "<group>"; };
		6C149E512A42A22100FFF4DE /* NewCell.swift */ = {isa = PBXFileReference; lastKnownFileType = sourcecode.swift; path = NewCell.swift; sourceTree = "<group>"; };
		6C149E532A42AA5500FFF4DE /* LoadingView.swift */ = {isa = PBXFileReference; fileEncoding = 4; lastKnownFileType = sourcecode.swift; path = LoadingView.swift; sourceTree = "<group>"; };
		6C149E552A42ACC800FFF4DE /* TopicSegmented.swift */ = {isa = PBXFileReference; lastKnownFileType = sourcecode.swift; path = TopicSegmented.swift; sourceTree = "<group>"; };
		6C149E572A42AFFB00FFF4DE /* FeedbackView.swift */ = {isa = PBXFileReference; lastKnownFileType = sourcecode.swift; path = FeedbackView.swift; sourceTree = "<group>"; };
		6C149E592A42B08700FFF4DE /* WebView.swift */ = {isa = PBXFileReference; lastKnownFileType = sourcecode.swift; path = WebView.swift; sourceTree = "<group>"; };
		6C149E5D2A42BEEA00FFF4DE /* DetailArticle.swift */ = {isa = PBXFileReference; lastKnownFileType = sourcecode.swift; path = DetailArticle.swift; sourceTree = "<group>"; };
		6C149E5F2A42C07B00FFF4DE /* MockResponse.json */ = {isa = PBXFileReference; lastKnownFileType = text.json; path = MockResponse.json; sourceTree = "<group>"; };
		6C149E612A42C0C800FFF4DE /* ArticleMock.json */ = {isa = PBXFileReference; lastKnownFileType = text.json; path = ArticleMock.json; sourceTree = "<group>"; };
		6C149E632A42C10700FFF4DE /* MockData.swift */ = {isa = PBXFileReference; lastKnownFileType = sourcecode.swift; path = MockData.swift; sourceTree = "<group>"; };
		6C50D8F82A4FED47004AB421 /* Action.swift */ = {isa = PBXFileReference; lastKnownFileType = sourcecode.swift; path = Action.swift; sourceTree = "<group>"; };
		6C50D8FA2A4FEFC8004AB421 /* ActivityView.swift */ = {isa = PBXFileReference; fileEncoding = 4; lastKnownFileType = sourcecode.swift; path = ActivityView.swift; sourceTree = "<group>"; };
		6C572D292A402995004B1D1F /* News.app */ = {isa = PBXFileReference; explicitFileType = wrapper.application; includeInIndex = 0; path = News.app; sourceTree = BUILT_PRODUCTS_DIR; };
		6C572D2C2A402995004B1D1F /* NewsApp.swift */ = {isa = PBXFileReference; lastKnownFileType = sourcecode.swift; path = NewsApp.swift; sourceTree = "<group>"; };
		6C572D2E2A402995004B1D1F /* NewsView.swift */ = {isa = PBXFileReference; lastKnownFileType = sourcecode.swift; path = NewsView.swift; sourceTree = "<group>"; };
		6C572D302A402996004B1D1F /* Assets.xcassets */ = {isa = PBXFileReference; lastKnownFileType = folder.assetcatalog; path = Assets.xcassets; sourceTree = "<group>"; };
		6C572D332A402996004B1D1F /* Preview Assets.xcassets */ = {isa = PBXFileReference; lastKnownFileType = folder.assetcatalog; path = "Preview Assets.xcassets"; sourceTree = "<group>"; };
/* End PBXFileReference section */

/* Begin PBXFrameworksBuildPhase section */
		6C572D262A402995004B1D1F /* Frameworks */ = {
			isa = PBXFrameworksBuildPhase;
			buildActionMask = 2147483647;
			files = (
			);
			runOnlyForDeploymentPostprocessing = 0;
		};
/* End PBXFrameworksBuildPhase section */

/* Begin PBXGroup section */
		6C149E452A42960C00FFF4DE /* Model */ = {
			isa = PBXGroup;
			children = (
				6C149E432A42960800FFF4DE /* NoticiaData.swift */,
				6C149E632A42C10700FFF4DE /* MockData.swift */,
				6C50D8F82A4FED47004AB421 /* Action.swift */,
			);
			path = Model;
			sourceTree = "<group>";
		};
		6C149E462A42961500FFF4DE /* ViewModel */ = {
			isa = PBXGroup;
			children = (
				6C149E472A42962B00FFF4DE /* NewsViewModel.swift */,
			);
			path = ViewModel;
			sourceTree = "<group>";
		};
		6C149E4D2A429B0F00FFF4DE /* Utilities */ = {
			isa = PBXGroup;
			children = (
				6C149E4B2A429B0900FFF4DE /* AlertItem.swift */,
				6C149E492A42968800FFF4DE /* NetworkManager.swift */,
				6C149E4E2A429BB900FFF4DE /* NewsRemoteImageView.swift */,
				6C149E5F2A42C07B00FFF4DE /* MockResponse.json */,
				6C149E612A42C0C800FFF4DE /* ArticleMock.json */,
			);
			path = Utilities;
			sourceTree = "<group>";
		};
		6C149E502A429E3200FFF4DE /* View */ = {
			isa = PBXGroup;
			children = (
				6C50D8FA2A4FEFC8004AB421 /* ActivityView.swift */,
				6C572D2E2A402995004B1D1F /* NewsView.swift */,
				6C149E532A42AA5500FFF4DE /* LoadingView.swift */,
				6C149E512A42A22100FFF4DE /* NewCell.swift */,
				6C149E552A42ACC800FFF4DE /* TopicSegmented.swift */,
				6C149E572A42AFFB00FFF4DE /* FeedbackView.swift */,
				6C149E592A42B08700FFF4DE /* WebView.swift */,
				6C149E5D2A42BEEA00FFF4DE /* DetailArticle.swift */,
			);
			path = View;
			sourceTree = "<group>";
		};
		6C572D202A402995004B1D1F = {
			isa = PBXGroup;
			children = (
				6C572D2B2A402995004B1D1F /* News */,
				6C572D2A2A402995004B1D1F /* Products */,
			);
			sourceTree = "<group>";
		};
		6C572D2A2A402995004B1D1F /* Products */ = {
			isa = PBXGroup;
			children = (
				6C572D292A402995004B1D1F /* News.app */,
			);
			name = Products;
			sourceTree = "<group>";
		};
		6C572D2B2A402995004B1D1F /* News */ = {
			isa = PBXGroup;
			children = (
				6C572D2C2A402995004B1D1F /* NewsApp.swift */,
				6C149E462A42961500FFF4DE /* ViewModel */,
				6C149E452A42960C00FFF4DE /* Model */,
				6C149E502A429E3200FFF4DE /* View */,
				6C572D302A402996004B1D1F /* Assets.xcassets */,
				6C572D322A402996004B1D1F /* Preview Content */,
				6C149E4D2A429B0F00FFF4DE /* Utilities */,
			);
			path = News;
			sourceTree = "<group>";
		};
		6C572D322A402996004B1D1F /* Preview Content */ = {
			isa = PBXGroup;
			children = (
				6C572D332A402996004B1D1F /* Preview Assets.xcassets */,
			);
			path = "Preview Content";
			sourceTree = "<group>";
		};
/* End PBXGroup section */

/* Begin PBXNativeTarget section */
		6C572D282A402995004B1D1F /* News */ = {
			isa = PBXNativeTarget;
			buildConfigurationList = 6C572D372A402996004B1D1F /* Build configuration list for PBXNativeTarget "News" */;
			buildPhases = (
				6C572D252A402995004B1D1F /* Sources */,
				6C572D262A402995004B1D1F /* Frameworks */,
				6C572D272A402995004B1D1F /* Resources */,
			);
			buildRules = (
			);
			dependencies = (
			);
			name = News;
			productName = News;
			productReference = 6C572D292A402995004B1D1F /* News.app */;
			productType = "com.apple.product-type.application";
		};
/* End PBXNativeTarget section */

/* Begin PBXProject section */
		6C572D212A402995004B1D1F /* Project object */ = {
			isa = PBXProject;
			attributes = {
				BuildIndependentTargetsInParallel = 1;
				LastSwiftUpdateCheck = 1430;
				LastUpgradeCheck = 1430;
				TargetAttributes = {
					6C572D282A402995004B1D1F = {
						CreatedOnToolsVersion = 14.3.1;
					};
				};
			};
			buildConfigurationList = 6C572D242A402995004B1D1F /* Build configuration list for PBXProject "News" */;
			compatibilityVersion = "Xcode 14.0";
			developmentRegion = en;
			hasScannedForEncodings = 0;
			knownRegions = (
				en,
				Base,
			);
			mainGroup = 6C572D202A402995004B1D1F;
			productRefGroup = 6C572D2A2A402995004B1D1F /* Products */;
			projectDirPath = "";
			projectRoot = "";
			targets = (
				6C572D282A402995004B1D1F /* News */,
			);
		};
/* End PBXProject section */

/* Begin PBXResourcesBuildPhase section */
		6C572D272A402995004B1D1F /* Resources */ = {
			isa = PBXResourcesBuildPhase;
			buildActionMask = 2147483647;
			files = (
				6C572D342A402996004B1D1F /* Preview Assets.xcassets in Resources */,
				6C572D312A402996004B1D1F /* Assets.xcassets in Resources */,
				6C149E622A42C0C800FFF4DE /* ArticleMock.json in Resources */,
				6C149E602A42C07C00FFF4DE /* MockResponse.json in Resources */,
			);
			runOnlyForDeploymentPostprocessing = 0;
		};
/* End PBXResourcesBuildPhase section */

/* Begin PBXSourcesBuildPhase section */
		6C572D252A402995004B1D1F /* Sources */ = {
			isa = PBXSourcesBuildPhase;
			buildActionMask = 2147483647;
			files = (
				6C572D2F2A402995004B1D1F /* NewsView.swift in Sources */,
				6C149E4C2A429B0900FFF4DE /* AlertItem.swift in Sources */,
				6C149E522A42A22200FFF4DE /* NewCell.swift in Sources */,
				6C149E442A42960800FFF4DE /* NoticiaData.swift in Sources */,
				6C149E4A2A42968800FFF4DE /* NetworkManager.swift in Sources */,
				6C50D8FB2A4FEFC8004AB421 /* ActivityView.swift in Sources */,
				6C149E642A42C10700FFF4DE /* MockData.swift in Sources */,
				6C149E4F2A429BB900FFF4DE /* NewsRemoteImageView.swift in Sources */,
				6C149E5E2A42BEEA00FFF4DE /* DetailArticle.swift in Sources */,
				6C572D2D2A402995004B1D1F /* NewsApp.swift in Sources */,
				6C149E482A42962B00FFF4DE /* NewsViewModel.swift in Sources */,
				6C149E562A42ACC800FFF4DE /* TopicSegmented.swift in Sources */,
				6C149E5A2A42B08700FFF4DE /* WebView.swift in Sources */,
				6C149E582A42AFFB00FFF4DE /* FeedbackView.swift in Sources */,
				6C50D8F92A4FED47004AB421 /* Action.swift in Sources */,
				6C149E542A42AA5500FFF4DE /* LoadingView.swift in Sources */,
			);
			runOnlyForDeploymentPostprocessing = 0;
		};
/* End PBXSourcesBuildPhase section */

/* Begin XCBuildConfiguration section */
		6C572D352A402996004B1D1F /* Debug */ = {
			isa = XCBuildConfiguration;
			buildSettings = {
				ALWAYS_SEARCH_USER_PATHS = NO;
				CLANG_ANALYZER_NONNULL = YES;
				CLANG_ANALYZER_NUMBER_OBJECT_CONVERSION = YES_AGGRESSIVE;
				CLANG_CXX_LANGUAGE_STANDARD = "gnu++20";
				CLANG_ENABLE_MODULES = YES;
				CLANG_ENABLE_OBJC_ARC = YES;
				CLANG_ENABLE_OBJC_WEAK = YES;
				CLANG_WARN_BLOCK_CAPTURE_AUTORELEASING = YES;
				CLANG_WARN_BOOL_CONVERSION = YES;
				CLANG_WARN_COMMA = YES;
				CLANG_WARN_CONSTANT_CONVERSION = YES;
				CLANG_WARN_DEPRECATED_OBJC_IMPLEMENTATIONS = YES;
				CLANG_WARN_DIRECT_OBJC_ISA_USAGE = YES_ERROR;
				CLANG_WARN_DOCUMENTATION_COMMENTS = YES;
				CLANG_WARN_EMPTY_BODY = YES;
				CLANG_WARN_ENUM_CONVERSION = YES;
				CLANG_WARN_INFINITE_RECURSION = YES;
				CLANG_WARN_INT_CONVERSION = YES;
				CLANG_WARN_NON_LITERAL_NULL_CONVERSION = YES;
				CLANG_WARN_OBJC_IMPLICIT_RETAIN_SELF = YES;
				CLANG_WARN_OBJC_LITERAL_CONVERSION = YES;
				CLANG_WARN_OBJC_ROOT_CLASS = YES_ERROR;
				CLANG_WARN_QUOTED_INCLUDE_IN_FRAMEWORK_HEADER = YES;
				CLANG_WARN_RANGE_LOOP_ANALYSIS = YES;
				CLANG_WARN_STRICT_PROTOTYPES = YES;
				CLANG_WARN_SUSPICIOUS_MOVE = YES;
				CLANG_WARN_UNGUARDED_AVAILABILITY = YES_AGGRESSIVE;
				CLANG_WARN_UNREACHABLE_CODE = YES;
				CLANG_WARN__DUPLICATE_METHOD_MATCH = YES;
				COPY_PHASE_STRIP = NO;
				DEBUG_INFORMATION_FORMAT = dwarf;
				ENABLE_STRICT_OBJC_MSGSEND = YES;
				ENABLE_TESTABILITY = YES;
				GCC_C_LANGUAGE_STANDARD = gnu11;
				GCC_DYNAMIC_NO_PIC = NO;
				GCC_NO_COMMON_BLOCKS = YES;
				GCC_OPTIMIZATION_LEVEL = 0;
				GCC_PREPROCESSOR_DEFINITIONS = (
					"DEBUG=1",
					"$(inherited)",
				);
				GCC_WARN_64_TO_32_BIT_CONVERSION = YES;
				GCC_WARN_ABOUT_RETURN_TYPE = YES_ERROR;
				GCC_WARN_UNDECLARED_SELECTOR = YES;
				GCC_WARN_UNINITIALIZED_AUTOS = YES_AGGRESSIVE;
				GCC_WARN_UNUSED_FUNCTION = YES;
				GCC_WARN_UNUSED_VARIABLE = YES;
				IPHONEOS_DEPLOYMENT_TARGET = 16.4;
				MTL_ENABLE_DEBUG_INFO = INCLUDE_SOURCE;
				MTL_FAST_MATH = YES;
				ONLY_ACTIVE_ARCH = YES;
				SDKROOT = iphoneos;
				SWIFT_ACTIVE_COMPILATION_CONDITIONS = DEBUG;
				SWIFT_OPTIMIZATION_LEVEL = "-Onone";
			};
			name = Debug;
		};
		6C572D362A402996004B1D1F /* Release */ = {
			isa = XCBuildConfiguration;
			buildSettings = {
				ALWAYS_SEARCH_USER_PATHS = NO;
				CLANG_ANALYZER_NONNULL = YES;
				CLANG_ANALYZER_NUMBER_OBJECT_CONVERSION = YES_AGGRESSIVE;
				CLANG_CXX_LANGUAGE_STANDARD = "gnu++20";
				CLANG_ENABLE_MODULES = YES;
				CLANG_ENABLE_OBJC_ARC = YES;
				CLANG_ENABLE_OBJC_WEAK = YES;
				CLANG_WARN_BLOCK_CAPTURE_AUTORELEASING = YES;
				CLANG_WARN_BOOL_CONVERSION = YES;
				CLANG_WARN_COMMA = YES;
				CLANG_WARN_CONSTANT_CONVERSION = YES;
				CLANG_WARN_DEPRECATED_OBJC_IMPLEMENTATIONS = YES;
				CLANG_WARN_DIRECT_OBJC_ISA_USAGE = YES_ERROR;
				CLANG_WARN_DOCUMENTATION_COMMENTS = YES;
				CLANG_WARN_EMPTY_BODY = YES;
				CLANG_WARN_ENUM_CONVERSION = YES;
				CLANG_WARN_INFINITE_RECURSION = YES;
				CLANG_WARN_INT_CONVERSION = YES;
				CLANG_WARN_NON_LITERAL_NULL_CONVERSION = YES;
				CLANG_WARN_OBJC_IMPLICIT_RETAIN_SELF = YES;
				CLANG_WARN_OBJC_LITERAL_CONVERSION = YES;
				CLANG_WARN_OBJC_ROOT_CLASS = YES_ERROR;
				CLANG_WARN_QUOTED_INCLUDE_IN_FRAMEWORK_HEADER = YES;
				CLANG_WARN_RANGE_LOOP_ANALYSIS = YES;
				CLANG_WARN_STRICT_PROTOTYPES = YES;
				CLANG_WARN_SUSPICIOUS_MOVE = YES;
				CLANG_WARN_UNGUARDED_AVAILABILITY = YES_AGGRESSIVE;
				CLANG_WARN_UNREACHABLE_CODE = YES;
				CLANG_WARN__DUPLICATE_METHOD_MATCH = YES;
				COPY_PHASE_STRIP = NO;
				DEBUG_INFORMATION_FORMAT = "dwarf-with-dsym";
				ENABLE_NS_ASSERTIONS = NO;
				ENABLE_STRICT_OBJC_MSGSEND = YES;
				GCC_C_LANGUAGE_STANDARD = gnu11;
				GCC_NO_COMMON_BLOCKS = YES;
				GCC_WARN_64_TO_32_BIT_CONVERSION = YES;
				GCC_WARN_ABOUT_RETURN_TYPE = YES_ERROR;
				GCC_WARN_UNDECLARED_SELECTOR = YES;
				GCC_WARN_UNINITIALIZED_AUTOS = YES_AGGRESSIVE;
				GCC_WARN_UNUSED_FUNCTION = YES;
				GCC_WARN_UNUSED_VARIABLE = YES;
				IPHONEOS_DEPLOYMENT_TARGET = 16.4;
				MTL_ENABLE_DEBUG_INFO = NO;
				MTL_FAST_MATH = YES;
				SDKROOT = iphoneos;
				SWIFT_COMPILATION_MODE = wholemodule;
				SWIFT_OPTIMIZATION_LEVEL = "-O";
				VALIDATE_PRODUCT = YES;
			};
			name = Release;
		};
		6C572D382A402996004B1D1F /* Debug */ = {
			isa = XCBuildConfiguration;
			buildSettings = {
				ASSETCATALOG_COMPILER_APPICON_NAME = AppIcon;
				ASSETCATALOG_COMPILER_GLOBAL_ACCENT_COLOR_NAME = AccentColor;
				CODE_SIGN_STYLE = Automatic;
				CURRENT_PROJECT_VERSION = 1;
				DEVELOPMENT_ASSET_PATHS = "\"News/Preview Content\"";
				DEVELOPMENT_TEAM = 28Z45T22J2;
				ENABLE_PREVIEWS = YES;
				GENERATE_INFOPLIST_FILE = YES;
				INFOPLIST_KEY_UIApplicationSceneManifest_Generation = YES;
				INFOPLIST_KEY_UIApplicationSupportsIndirectInputEvents = YES;
				INFOPLIST_KEY_UILaunchScreen_Generation = YES;
				INFOPLIST_KEY_UISupportedInterfaceOrientations_iPad = "UIInterfaceOrientationPortrait UIInterfaceOrientationPortraitUpsideDown UIInterfaceOrientationLandscapeLeft UIInterfaceOrientationLandscapeRight";
				INFOPLIST_KEY_UISupportedInterfaceOrientations_iPhone = "UIInterfaceOrientationPortrait UIInterfaceOrientationLandscapeLeft UIInterfaceOrientationLandscapeRight";
				LD_RUNPATH_SEARCH_PATHS = (
					"$(inherited)",
					"@executable_path/Frameworks",
				);
				MARKETING_VERSION = 1.0;
				PRODUCT_BUNDLE_IDENTIFIER = com.rotadevsolutions.News;
				PRODUCT_NAME = "$(TARGET_NAME)";
				SWIFT_EMIT_LOC_STRINGS = YES;
				SWIFT_VERSION = 5.0;
				TARGETED_DEVICE_FAMILY = "1,2";
			};
			name = Debug;
		};
		6C572D392A402996004B1D1F /* Release */ = {
			isa = XCBuildConfiguration;
			buildSettings = {
				ASSETCATALOG_COMPILER_APPICON_NAME = AppIcon;
				ASSETCATALOG_COMPILER_GLOBAL_ACCENT_COLOR_NAME = AccentColor;
				CODE_SIGN_STYLE = Automatic;
				CURRENT_PROJECT_VERSION = 1;
				DEVELOPMENT_ASSET_PATHS = "\"News/Preview Content\"";
				DEVELOPMENT_TEAM = 28Z45T22J2;
				ENABLE_PREVIEWS = YES;
				GENERATE_INFOPLIST_FILE = YES;
				INFOPLIST_KEY_UIApplicationSceneManifest_Generation = YES;
				INFOPLIST_KEY_UIApplicationSupportsIndirectInputEvents = YES;
				INFOPLIST_KEY_UILaunchScreen_Generation = YES;
				INFOPLIST_KEY_UISupportedInterfaceOrientations_iPad = "UIInterfaceOrientationPortrait UIInterfaceOrientationPortraitUpsideDown UIInterfaceOrientationLandscapeLeft UIInterfaceOrientationLandscapeRight";
				INFOPLIST_KEY_UISupportedInterfaceOrientations_iPhone = "UIInterfaceOrientationPortrait UIInterfaceOrientationLandscapeLeft UIInterfaceOrientationLandscapeRight";
				LD_RUNPATH_SEARCH_PATHS = (
					"$(inherited)",
					"@executable_path/Frameworks",
				);
				MARKETING_VERSION = 1.0;
				PRODUCT_BUNDLE_IDENTIFIER = com.rotadevsolutions.News;
				PRODUCT_NAME = "$(TARGET_NAME)";
				SWIFT_EMIT_LOC_STRINGS = YES;
				SWIFT_VERSION = 5.0;
				TARGETED_DEVICE_FAMILY = "1,2";
			};
			name = Release;
		};
/* End XCBuildConfiguration section */

/* Begin XCConfigurationList section */
		6C572D242A402995004B1D1F /* Build configuration list for PBXProject "News" */ = {
			isa = XCConfigurationList;
			buildConfigurations = (
				6C572D352A402996004B1D1F /* Debug */,
				6C572D362A402996004B1D1F /* Release */,
			);
			defaultConfigurationIsVisible = 0;
			defaultConfigurationName = Release;
		};
		6C572D372A402996004B1D1F /* Build configuration list for PBXNativeTarget "News" */ = {
			isa = XCConfigurationList;
			buildConfigurations = (
				6C572D382A402996004B1D1F /* Debug */,
				6C572D392A402996004B1D1F /* Release */,
			);
			defaultConfigurationIsVisible = 0;
			defaultConfigurationName = Release;
		};
/* End XCConfigurationList section */
	};
	rootObject = 6C572D212A402995004B1D1F /* Project object */;
}
